
Microsoft Visual Studio Solution File, Format Version 12.00
# Visual Studio 15
VisualStudioVersion = 15.0.28307.539
MinimumVisualStudioVersion = 10.0.40219.1
Project("{FAE04EC0-301F-11D3-BF4B-00C04F79EFBC}") = "Service", "Service\Service.csproj", "{36849B78-6631-445F-9A01-775341A14605}"
EndProject
Project("{FAE04EC0-301F-11D3-BF4B-00C04F79EFBC}") = "EmailExchange", "EmailExchange\EmailExchange.csproj", "{FE940E4D-5159-4AF3-B0CC-E3AFF775580C}"
EndProject
Project("{FAE04EC0-301F-11D3-BF4B-00C04F79EFBC}") = "ClientConsole", "ClientConsole\ClientConsole.csproj", "{317E6A94-2672-43A6-BD45-01550AB5A962}"
EndProject
Global
	GlobalSection(SolutionConfigurationPlatforms) = preSolution
		Debug|Any CPU = Debug|Any CPU
		Release|Any CPU = Release|Any CPU
	EndGlobalSection
	GlobalSection(ProjectConfigurationPlatforms) = postSolution
		{36849B78-6631-445F-9A01-775341A14605}.Debug|Any CPU.ActiveCfg = Debug|Any CPU
		{36849B78-6631-445F-9A01-775341A14605}.Debug|Any CPU.Build.0 = Debug|Any CPU
		{36849B78-6631-445F-9A01-775341A14605}.Release|Any CPU.ActiveCfg = Release|Any CPU
		{36849B78-6631-445F-9A01-775341A14605}.Release|Any CPU.Build.0 = Release|Any CPU
		{FE940E4D-5159-4AF3-B0CC-E3AFF775580C}.Debug|Any CPU.ActiveCfg = Debug|Any CPU
		{FE940E4D-5159-4AF3-B0CC-E3AFF775580C}.Debug|Any CPU.Build.0 = Debug|Any CPU
		{FE940E4D-5159-4AF3-B0CC-E3AFF775580C}.Release|Any CPU.ActiveCfg = Release|Any CPU
		{FE940E4D-5159-4AF3-B0CC-E3AFF775580C}.Release|Any CPU.Build.0 = Release|Any CPU
		{317E6A94-2672-43A6-BD45-01550AB5A962}.Debug|Any CPU.ActiveCfg = Debug|Any CPU
		{317E6A94-2672-43A6-BD45-01550AB5A962}.Debug|Any CPU.Build.0 = Debug|Any CPU
		{317E6A94-2672-43A6-BD45-01550AB5A962}.Release|Any CPU.ActiveCfg = Release|Any CPU
		{317E6A94-2672-43A6-BD45-01550AB5A962}.Release|Any CPU.Build.0 = Release|Any CPU
	EndGlobalSection
	GlobalSection(SolutionProperties) = preSolution
		HideSolutionNode = FALSE
	EndGlobalSection
	GlobalSection(ExtensibilityGlobals) = postSolution
		SolutionGuid = {C2ECAE01-3DA4-42C2-A4F2-2210441BF6C6}
	EndGlobalSection
EndGlobal
